<?xml version="1.0" encoding="UTF-8" standalone="yes" ?>
<CodeBlocks_project_file>
	<FileVersion major="1" minor="6" />
	<Project>
		<Option title="Doorf" />
		<Option pch_mode="2" />
		<Option compiler="gcc" />
		<Build>
			<Target title="Debug">
				<Option output="bin/Debug/Doorf" prefix_auto="1" extension_auto="1" />
				<Option object_output="obj/Debug/" />
				<Option type="1" />
				<Option compiler="gcc" />
				<Compiler>
					<Add option="-g" />
				</Compiler>
				<Linker>
					<Add library="sfml-graphics-d" />
					<Add library="sfml-window-d" />
					<Add library="sfml-system-d" />
				</Linker>
			</Target>
			<Target title="Release">
				<Option output="bin/Release/Doorf" prefix_auto="1" extension_auto="1" />
				<Option object_output="obj/Release/" />
				<Option type="0" />
				<Option compiler="gcc" />
				<Compiler>
					<Add option="-O2" />
				</Compiler>
				<Linker>
					<Add option="-s" />
					<Add library="sfml-graphics" />
					<Add library="sfml-window" />
					<Add library="sfml-system" />
				</Linker>
			</Target>
		</Build>
		<Compiler>
			<Add option="-Wall" />
			<Add directory="C:/SFML/include" />
		</Compiler>
		<Linker>
			<Add library="mingw32" />
			<Add library="user32" />
			<Add library="gdi32" />
			<Add library="winmm" />
			<Add library="dxguid" />
			<Add directory="C:/SFML/lib" />
		</Linker>
		<Unit filename="Enemy.cpp" />
		<Unit filename="Enemy.h" />
		<Unit filename="Player.cpp" />
		<Unit filename="Player.h" />
		<Unit filename="SpritsDecor.cpp" />
		<Unit filename="SpritsDecor.h" />
		<Unit filename="TestLoadTitleMap.cpp" />
		<Unit filename="TestLoadTitleMap.h" />
		<Unit filename="camera.cpp" />
		<Unit filename="camera.h" />
		<Unit filename="cb.bmp" />
		<Unit filename="lib/tinystr.cpp" />
		<Unit filename="lib/tinystr.h" />
		<Unit filename="lib/tinyxml.cpp" />
		<Unit filename="lib/tinyxml.h" />
		<Unit filename="lib/tinyxmlerror.cpp" />
		<Unit filename="lib/tinyxmlparser.cpp" />
		<Unit filename="lvlMap.cpp" />
		<Unit filename="lvlMap.h" />
		<Unit filename="main.cpp" />
		<Unit filename="mapObject.cpp" />
		<Unit filename="mapObject.h" />
		<Extensions>
			<lib_finder disable_auto="1" />
		</Extensions>
	</Project>
</CodeBlocks_project_file>
